
Microsoft Visual Studio Solution File, Format Version 12.00
# Visual Studio 15
VisualStudioVersion = 15.0.28307.329
MinimumVisualStudioVersion = 10.0.40219.1
Project("{FAE04EC0-301F-11D3-BF4B-00C04F79EFBC}") = "InterviewQuestions", "InterviewQuestions.csproj", "{12F8BA55-C92B-464A-B1C6-774136017802}"
EndProject
Project("{FAE04EC0-301F-11D3-BF4B-00C04F79EFBC}") = "InterviewQuestions2", "..\InterviewQuestions2\InterviewQuestions2.csproj", "{55002A87-9CA7-4975-87CA-E832C1B8B5A0}"
EndProject
Global
	GlobalSection(SolutionConfigurationPlatforms) = preSolution
		Debug|Any CPU = Debug|Any CPU
		Release|Any CPU = Release|Any CPU
	EndGlobalSection
	GlobalSection(ProjectConfigurationPlatforms) = postSolution
		{12F8BA55-C92B-464A-B1C6-774136017802}.Debug|Any CPU.ActiveCfg = Debug|Any CPU
		{12F8BA55-C92B-464A-B1C6-774136017802}.Debug|Any CPU.Build.0 = Debug|Any CPU
		{12F8BA55-C92B-464A-B1C6-774136017802}.Release|Any CPU.ActiveCfg = Release|Any CPU
		{12F8BA55-C92B-464A-B1C6-774136017802}.Release|Any CPU.Build.0 = Release|Any CPU
		{55002A87-9CA7-4975-87CA-E832C1B8B5A0}.Debug|Any CPU.ActiveCfg = Debug|Any CPU
		{55002A87-9CA7-4975-87CA-E832C1B8B5A0}.Debug|Any CPU.Build.0 = Debug|Any CPU
		{55002A87-9CA7-4975-87CA-E832C1B8B5A0}.Release|Any CPU.ActiveCfg = Release|Any CPU
		{55002A87-9CA7-4975-87CA-E832C1B8B5A0}.Release|Any CPU.Build.0 = Release|Any CPU
	EndGlobalSection
	GlobalSection(SolutionProperties) = preSolution
		HideSolutionNode = FALSE
	EndGlobalSection
	GlobalSection(ExtensibilityGlobals) = postSolution
		SolutionGuid = {DD425A6D-EA8C-4DDC-8784-9C09E97A8EDE}
	EndGlobalSection
EndGlobal
